
Microsoft Visual Studio Solution File, Format Version 12.00
# Visual Studio 15
VisualStudioVersion = 15.0.28307.572
MinimumVisualStudioVersion = 10.0.40219.1
Project("{FAE04EC0-301F-11D3-BF4B-00C04F79EFBC}") = "MyNotes", "MyNotes\MyNotes.csproj", "{B654BF09-3752-45BF-AC99-DDA7DBE57E50}"
EndProject
Global
	GlobalSection(SolutionConfigurationPlatforms) = preSolution
		Debug|Any CPU = Debug|Any CPU
		Release|Any CPU = Release|Any CPU
	EndGlobalSection
	GlobalSection(ProjectConfigurationPlatforms) = postSolution
		{B654BF09-3752-45BF-AC99-DDA7DBE57E50}.Debug|Any CPU.ActiveCfg = Debug|Any CPU
		{B654BF09-3752-45BF-AC99-DDA7DBE57E50}.Debug|Any CPU.Build.0 = Debug|Any CPU
		{B654BF09-3752-45BF-AC99-DDA7DBE57E50}.Release|Any CPU.ActiveCfg = Release|Any CPU
		{B654BF09-3752-45BF-AC99-DDA7DBE57E50}.Release|Any CPU.Build.0 = Release|Any CPU
	EndGlobalSection
	GlobalSection(SolutionProperties) = preSolution
		HideSolutionNode = FALSE
	EndGlobalSection
	GlobalSection(ExtensibilityGlobals) = postSolution
		SolutionGuid = {B73BF49C-71F3-451B-9CB7-A6D0D875A649}
	EndGlobalSection
EndGlobal
